
Microsoft Visual Studio Solution File, Format Version 12.00
# Visual Studio Version 17
VisualStudioVersion = 17.6.33815.320
MinimumVisualStudioVersion = 10.0.40219.1
Project("{FAE04EC0-301F-11D3-BF4B-00C04F79EFBC}") = "BatePapo", "BatePapo.csproj", "{9679CEB1-93A6-4E66-A749-833844C0C9BC}"
EndProject
Global
	GlobalSection(SolutionConfigurationPlatforms) = preSolution
		Debug|Any CPU = Debug|Any CPU
		Release|Any CPU = Release|Any CPU
	EndGlobalSection
	GlobalSection(ProjectConfigurationPlatforms) = postSolution
		{9679CEB1-93A6-4E66-A749-833844C0C9BC}.Debug|Any CPU.ActiveCfg = Debug|Any CPU
		{9679CEB1-93A6-4E66-A749-833844C0C9BC}.Debug|Any CPU.Build.0 = Debug|Any CPU
		{9679CEB1-93A6-4E66-A749-833844C0C9BC}.Release|Any CPU.ActiveCfg = Release|Any CPU
		{9679CEB1-93A6-4E66-A749-833844C0C9BC}.Release|Any CPU.Build.0 = Release|Any CPU
	EndGlobalSection
	GlobalSection(SolutionProperties) = preSolution
		HideSolutionNode = FALSE
	EndGlobalSection
	GlobalSection(ExtensibilityGlobals) = postSolution
		SolutionGuid = {5144605F-4F26-485E-9CF7-992E65D00AE5}
	EndGlobalSection
EndGlobal
